// !$*UTF8*$!
{
	archiveVersion = 1;
	classes = {
	};
	objectVersion = 50;
	objects = {

/* Begin PBXBuildFile section */
		2EDAE78225AD2353003550A9 /* SwiftUITutorialApp.swift in Sources */ = {isa = PBXBuildFile; fileRef = 2EDAE78125AD2353003550A9 /* SwiftUITutorialApp.swift */; };
		2EDAE78425AD2353003550A9 /* ContentView.swift in Sources */ = {isa = PBXBuildFile; fileRef = 2EDAE78325AD2353003550A9 /* ContentView.swift */; };
		2EDAE78625AD2355003550A9 /* Assets.xcassets in Resources */ = {isa = PBXBuildFile; fileRef = 2EDAE78525AD2355003550A9 /* Assets.xcassets */; };
		2EDAE78925AD2355003550A9 /* Preview Assets.xcassets in Resources */ = {isa = PBXBuildFile; fileRef = 2EDAE78825AD2355003550A9 /* Preview Assets.xcassets */; };
		2EDAE79425AD2355003550A9 /* SwiftUITutorialTests.swift in Sources */ = {isa = PBXBuildFile; fileRef = 2EDAE79325AD2355003550A9 /* SwiftUITutorialTests.swift */; };
		2EDAE79F25AD2355003550A9 /* SwiftUITutorialUITests.swift in Sources */ = {isa = PBXBuildFile; fileRef = 2EDAE79E25AD2355003550A9 /* SwiftUITutorialUITests.swift */; };
/* End PBXBuildFile section */

/* Begin PBXContainerItemProxy section */
		2EDAE79025AD2355003550A9 /* PBXContainerItemProxy */ = {
			isa = PBXContainerItemProxy;
			containerPortal = 2EDAE77625AD2353003550A9 /* Project object */;
			proxyType = 1;
			remoteGlobalIDString = 2EDAE77D25AD2353003550A9;
			remoteInfo = SwiftUITutorial;
		};
		2EDAE79B25AD2355003550A9 /* PBXContainerItemProxy */ = {
			isa = PBXContainerItemProxy;
			containerPortal = 2EDAE77625AD2353003550A9 /* Project object */;
			proxyType = 1;
			remoteGlobalIDString = 2EDAE77D25AD2353003550A9;
			remoteInfo = SwiftUITutorial;
		};
/* End PBXContainerItemProxy section */

/* Begin PBXFileReference section */
		2EDAE77E25AD2353003550A9 /* SwiftUITutorial.app */ = {isa = PBXFileReference; explicitFileType = wrapper.application; includeInIndex = 0; path = SwiftUITutorial.app; sourceTree = BUILT_PRODUCTS_DIR; };
		2EDAE78125AD2353003550A9 /* SwiftUITutorialApp.swift */ = {isa = PBXFileReference; lastKnownFileType = sourcecode.swift; path = SwiftUITutorialApp.swift; sourceTree = "<group>"; };
		2EDAE78325AD2353003550A9 /* ContentView.swift */ = {isa = PBXFileReference; lastKnownFileType = sourcecode.swift; path = ContentView.swift; sourceTree = "<group>"; };
		2EDAE78525AD2355003550A9 /* Assets.xcassets */ = {isa = PBXFileReference; lastKnownFileType = folder.assetcatalog; path = Assets.xcassets; sourceTree = "<group>"; };
		2EDAE78825AD2355003550A9 /* Preview Assets.xcassets */ = {isa = PBXFileReference; lastKnownFileType = folder.assetcatalog; path = "Preview Assets.xcassets"; sourceTree = "<group>"; };
		2EDAE78A25AD2355003550A9 /* Info.plist */ = {isa = PBXFileReference; lastKnownFileType = text.plist.xml; path = Info.plist; sourceTree = "<group>"; };
		2EDAE78F25AD2355003550A9 /* SwiftUITutorialTests.xctest */ = {isa = PBXFileReference; explicitFileType = wrapper.cfbundle; includeInIndex = 0; path = SwiftUITutorialTests.xctest; sourceTree = BUILT_PRODUCTS_DIR; };
		2EDAE79325AD2355003550A9 /* SwiftUITutorialTests.swift */ = {isa = PBXFileReference; lastKnownFileType = sourcecode.swift; path = SwiftUITutorialTests.swift; sourceTree = "<group>"; };
		2EDAE79525AD2355003550A9 /* Info.plist */ = {isa = PBXFileReference; lastKnownFileType = text.plist.xml; path = Info.plist; sourceTree = "<group>"; };
		2EDAE79A25AD2355003550A9 /* SwiftUITutorialUITests.xctest */ = {isa = PBXFileReference; explicitFileType = wrapper.cfbundle; includeInIndex = 0; path = SwiftUITutorialUITests.xctest; sourceTree = BUILT_PRODUCTS_DIR; };
		2EDAE79E25AD2355003550A9 /* SwiftUITutorialUITests.swift */ = {isa = PBXFileReference; lastKnownFileType = sourcecode.swift; path = SwiftUITutorialUITests.swift; sourceTree = "<group>"; };
		2EDAE7A025AD2355003550A9 /* Info.plist */ = {isa = PBXFileReference; lastKnownFileType = text.plist.xml; path = Info.plist; sourceTree = "<group>"; };
/* End PBXFileReference section */

/* Begin PBXFrameworksBuildPhase section */
		2EDAE77B25AD2353003550A9 /* Frameworks */ = {
			isa = PBXFrameworksBuildPhase;
			buildActionMask = 2147483647;
			files = (
			);
			runOnlyForDeploymentPostprocessing = 0;
		};
		2EDAE78C25AD2355003550A9 /* Frameworks */ = {
			isa = PBXFrameworksBuildPhase;
			buildActionMask = 2147483647;
			files = (
			);
			runOnlyForDeploymentPostprocessing = 0;
		};
		2EDAE79725AD2355003550A9 /* Frameworks */ = {
			isa = PBXFrameworksBuildPhase;
			buildActionMask = 2147483647;
			files = (
			);
			runOnlyForDeploymentPostprocessing = 0;
		};
/* End PBXFrameworksBuildPhase section */

/* Begin PBXGroup section */
		2EDAE77525AD2353003550A9 = {
			isa = PBXGroup;
			children = (
				2EDAE78025AD2353003550A9 /* SwiftUITutorial */,
				2EDAE79225AD2355003550A9 /* SwiftUITutorialTests */,
				2EDAE79D25AD2355003550A9 /* SwiftUITutorialUITests */,
				2EDAE77F25AD2353003550A9 /* Products */,
			);
			sourceTree = "<group>";
		};
		2EDAE77F25AD2353003550A9 /* Products */ = {
			isa = PBXGroup;
			children = (
				2EDAE77E25AD2353003550A9 /* SwiftUITutorial.app */,
				2EDAE78F25AD2355003550A9 /* SwiftUITutorialTests.xctest */,
				2EDAE79A25AD2355003550A9 /* SwiftUITutorialUITests.xctest */,
			);
			name = Products;
			sourceTree = "<group>";
		};
		2EDAE78025AD2353003550A9 /* SwiftUITutorial */ = {
			isa = PBXGroup;
			children = (
				2EDAE78125AD2353003550A9 /* SwiftUITutorialApp.swift */,
				2EDAE78325AD2353003550A9 /* ContentView.swift */,
				2EDAE78525AD2355003550A9 /* Assets.xcassets */,
				2EDAE78A25AD2355003550A9 /* Info.plist */,
				2EDAE78725AD2355003550A9 /* Preview Content */,
			);
			path = SwiftUITutorial;
			sourceTree = "<group>";
		};
		2EDAE78725AD2355003550A9 /* Preview Content */ = {
			isa = PBXGroup;
			children = (
				2EDAE78825AD2355003550A9 /* Preview Assets.xcassets */,
			);
			path = "Preview Content";
			sourceTree = "<group>";
		};
		2EDAE79225AD2355003550A9 /* SwiftUITutorialTests */ = {
			isa = PBXGroup;
			children = (
				2EDAE79325AD2355003550A9 /* SwiftUITutorialTests.swift */,
				2EDAE79525AD2355003550A9 /* Info.plist */,
			);
			path = SwiftUITutorialTests;
			sourceTree = "<group>";
		};
		2EDAE79D25AD2355003550A9 /* SwiftUITutorialUITests */ = {
			isa = PBXGroup;
			children = (
				2EDAE79E25AD2355003550A9 /* SwiftUITutorialUITests.swift */,
				2EDAE7A025AD2355003550A9 /* Info.plist */,
			);
			path = SwiftUITutorialUITests;
			sourceTree = "<group>";
		};
/* End PBXGroup section */

/* Begin PBXNativeTarget section */
		2EDAE77D25AD2353003550A9 /* SwiftUITutorial */ = {
			isa = PBXNativeTarget;
			buildConfigurationList = 2EDAE7A325AD2355003550A9 /* Build configuration list for PBXNativeTarget "SwiftUITutorial" */;
			buildPhases = (
				2EDAE77A25AD2353003550A9 /* Sources */,
				2EDAE77B25AD2353003550A9 /* Frameworks */,
				2EDAE77C25AD2353003550A9 /* Resources */,
			);
			buildRules = (
			);
			dependencies = (
			);
			name = SwiftUITutorial;
			productName = SwiftUITutorial;
			productReference = 2EDAE77E25AD2353003550A9 /* SwiftUITutorial.app */;
			productType = "com.apple.product-type.application";
		};
		2EDAE78E25AD2355003550A9 /* SwiftUITutorialTests */ = {
			isa = PBXNativeTarget;
			buildConfigurationList = 2EDAE7A625AD2355003550A9 /* Build configuration list for PBXNativeTarget "SwiftUITutorialTests" */;
			buildPhases = (
				2EDAE78B25AD2355003550A9 /* Sources */,
				2EDAE78C25AD2355003550A9 /* Frameworks */,
				2EDAE78D25AD2355003550A9 /* Resources */,
			);
			buildRules = (
			);
			dependencies = (
				2EDAE79125AD2355003550A9 /* PBXTargetDependency */,
			);
			name = SwiftUITutorialTests;
			productName = SwiftUITutorialTests;
			productReference = 2EDAE78F25AD2355003550A9 /* SwiftUITutorialTests.xctest */;
			productType = "com.apple.product-type.bundle.unit-test";
		};
		2EDAE79925AD2355003550A9 /* SwiftUITutorialUITests */ = {
			isa = PBXNativeTarget;
			buildConfigurationList = 2EDAE7A925AD2355003550A9 /* Build configuration list for PBXNativeTarget "SwiftUITutorialUITests" */;
			buildPhases = (
				2EDAE79625AD2355003550A9 /* Sources */,
				2EDAE79725AD2355003550A9 /* Frameworks */,
				2EDAE79825AD2355003550A9 /* Resources */,
			);
			buildRules = (
			);
			dependencies = (
				2EDAE79C25AD2355003550A9 /* PBXTargetDependency */,
			);
			name = SwiftUITutorialUITests;
			productName = SwiftUITutorialUITests;
			productReference = 2EDAE79A25AD2355003550A9 /* SwiftUITutorialUITests.xctest */;
			productType = "com.apple.product-type.bundle.ui-testing";
		};
/* End PBXNativeTarget section */

/* Begin PBXProject section */
		2EDAE77625AD2353003550A9 /* Project object */ = {
			isa = PBXProject;
			attributes = {
				LastSwiftUpdateCheck = 1210;
				LastUpgradeCheck = 1210;
				TargetAttributes = {
					2EDAE77D25AD2353003550A9 = {
						CreatedOnToolsVersion = 12.1;
					};
					2EDAE78E25AD2355003550A9 = {
						CreatedOnToolsVersion = 12.1;
						TestTargetID = 2EDAE77D25AD2353003550A9;
					};
					2EDAE79925AD2355003550A9 = {
						CreatedOnToolsVersion = 12.1;
						TestTargetID = 2EDAE77D25AD2353003550A9;
					};
				};
			};
			buildConfigurationList = 2EDAE77925AD2353003550A9 /* Build configuration list for PBXProject "SwiftUITutorial" */;
			compatibilityVersion = "Xcode 9.3";
			developmentRegion = en;
			hasScannedForEncodings = 0;
			knownRegions = (
				en,
				Base,
			);
			mainGroup = 2EDAE77525AD2353003550A9;
			productRefGroup = 2EDAE77F25AD2353003550A9 /* Products */;
			projectDirPath = "";
			projectRoot = "";
			targets = (
				2EDAE77D25AD2353003550A9 /* SwiftUITutorial */,
				2EDAE78E25AD2355003550A9 /* SwiftUITutorialTests */,
				2EDAE79925AD2355003550A9 /* SwiftUITutorialUITests */,
			);
		};
/* End PBXProject section */

/* Begin PBXResourcesBuildPhase section */
		2EDAE77C25AD2353003550A9 /* Resources */ = {
			isa = PBXResourcesBuildPhase;
			buildActionMask = 2147483647;
			files = (
				2EDAE78925AD2355003550A9 /* Preview Assets.xcassets in Resources */,
				2EDAE78625AD2355003550A9 /* Assets.xcassets in Resources */,
			);
			runOnlyForDeploymentPostprocessing = 0;
		};
		2EDAE78D25AD2355003550A9 /* Resources */ = {
			isa = PBXResourcesBuildPhase;
			buildActionMask = 2147483647;
			files = (
			);
			runOnlyForDeploymentPostprocessing = 0;
		};
		2EDAE79825AD2355003550A9 /* Resources */ = {
			isa = PBXResourcesBuildPhase;
			buildActionMask = 2147483647;
			files = (
			);
			runOnlyForDeploymentPostprocessing = 0;
		};
/* End PBXResourcesBuildPhase section */

/* Begin PBXSourcesBuildPhase section */
		2EDAE77A25AD2353003550A9 /* Sources */ = {
			isa = PBXSourcesBuildPhase;
			buildActionMask = 2147483647;
			files = (
				2EDAE78425AD2353003550A9 /* ContentView.swift in Sources */,
				2EDAE78225AD2353003550A9 /* SwiftUITutorialApp.swift in Sources */,
			);
			runOnlyForDeploymentPostprocessing = 0;
		};
		2EDAE78B25AD2355003550A9 /* Sources */ = {
			isa = PBXSourcesBuildPhase;
			buildActionMask = 2147483647;
			files = (
				2EDAE79425AD2355003550A9 /* SwiftUITutorialTests.swift in Sources */,
			);
			runOnlyForDeploymentPostprocessing = 0;
		};
		2EDAE79625AD2355003550A9 /* Sources */ = {
			isa = PBXSourcesBuildPhase;
			buildActionMask = 2147483647;
			files = (
				2EDAE79F25AD2355003550A9 /* SwiftUITutorialUITests.swift in Sources */,
			);
			runOnlyForDeploymentPostprocessing = 0;
		};
/* End PBXSourcesBuildPhase section */

/* Begin PBXTargetDependency section */
		2EDAE79125AD2355003550A9 /* PBXTargetDependency */ = {
			isa = PBXTargetDependency;
			target = 2EDAE77D25AD2353003550A9 /* SwiftUITutorial */;
			targetProxy = 2EDAE79025AD2355003550A9 /* PBXContainerItemProxy */;
		};
		2EDAE79C25AD2355003550A9 /* PBXTargetDependency */ = {
			isa = PBXTargetDependency;
			target = 2EDAE77D25AD2353003550A9 /* SwiftUITutorial */;
			targetProxy = 2EDAE79B25AD2355003550A9 /* PBXContainerItemProxy */;
		};
/* End PBXTargetDependency section */

/* Begin XCBuildConfiguration section */
		2EDAE7A125AD2355003550A9 /* Debug */ = {
			isa = XCBuildConfiguration;
			buildSettings = {
				ALWAYS_SEARCH_USER_PATHS = NO;
				CLANG_ANALYZER_NONNULL = YES;
				CLANG_ANALYZER_NUMBER_OBJECT_CONVERSION = YES_AGGRESSIVE;
				CLANG_CXX_LANGUAGE_STANDARD = "gnu++14";
				CLANG_CXX_LIBRARY = "libc++";
				CLANG_ENABLE_MODULES = YES;
				CLANG_ENABLE_OBJC_ARC = YES;
				CLANG_ENABLE_OBJC_WEAK = YES;
				CLANG_WARN_BLOCK_CAPTURE_AUTORELEASING = YES;
				CLANG_WARN_BOOL_CONVERSION = YES;
				CLANG_WARN_COMMA = YES;
				CLANG_WARN_CONSTANT_CONVERSION = YES;
				CLANG_WARN_DEPRECATED_OBJC_IMPLEMENTATIONS = YES;
				CLANG_WARN_DIRECT_OBJC_ISA_USAGE = YES_ERROR;
				CLANG_WARN_DOCUMENTATION_COMMENTS = YES;
				CLANG_WARN_EMPTY_BODY = YES;
				CLANG_WARN_ENUM_CONVERSION = YES;
				CLANG_WARN_INFINITE_RECURSION = YES;
				CLANG_WARN_INT_CONVERSION = YES;
				CLANG_WARN_NON_LITERAL_NULL_CONVERSION = YES;
				CLANG_WARN_OBJC_IMPLICIT_RETAIN_SELF = YES;
				CLANG_WARN_OBJC_LITERAL_CONVERSION = YES;
				CLANG_WARN_OBJC_ROOT_CLASS = YES_ERROR;
				CLANG_WARN_QUOTED_INCLUDE_IN_FRAMEWORK_HEADER = YES;
				CLANG_WARN_RANGE_LOOP_ANALYSIS = YES;
				CLANG_WARN_STRICT_PROTOTYPES = YES;
				CLANG_WARN_SUSPICIOUS_MOVE = YES;
				CLANG_WARN_UNGUARDED_AVAILABILITY = YES_AGGRESSIVE;
				CLANG_WARN_UNREACHABLE_CODE = YES;
				CLANG_WARN__DUPLICATE_METHOD_MATCH = YES;
				COPY_PHASE_STRIP = NO;
				DEBUG_INFORMATION_FORMAT = dwarf;
				ENABLE_STRICT_OBJC_MSGSEND = YES;
				ENABLE_TESTABILITY = YES;
				GCC_C_LANGUAGE_STANDARD = gnu11;
				GCC_DYNAMIC_NO_PIC = NO;
				GCC_NO_COMMON_BLOCKS = YES;
				GCC_OPTIMIZATION_LEVEL = 0;
				GCC_PREPROCESSOR_DEFINITIONS = (
					"DEBUG=1",
					"$(inherited)",
				);
				GCC_WARN_64_TO_32_BIT_CONVERSION = YES;
				GCC_WARN_ABOUT_RETURN_TYPE = YES_ERROR;
				GCC_WARN_UNDECLARED_SELECTOR = YES;
				GCC_WARN_UNINITIALIZED_AUTOS = YES_AGGRESSIVE;
				GCC_WARN_UNUSED_FUNCTION = YES;
				GCC_WARN_UNUSED_VARIABLE = YES;
				IPHONEOS_DEPLOYMENT_TARGET = 14.1;
				MTL_ENABLE_DEBUG_INFO = INCLUDE_SOURCE;
				MTL_FAST_MATH = YES;
				ONLY_ACTIVE_ARCH = YES;
				SDKROOT = iphoneos;
				SWIFT_ACTIVE_COMPILATION_CONDITIONS = DEBUG;
				SWIFT_OPTIMIZATION_LEVEL = "-Onone";
			};
			name = Debug;
		};
		2EDAE7A225AD2355003550A9 /* Release */ = {
			isa = XCBuildConfiguration;
			buildSettings = {
				ALWAYS_SEARCH_USER_PATHS = NO;
				CLANG_ANALYZER_NONNULL = YES;
				CLANG_ANALYZER_NUMBER_OBJECT_CONVERSION = YES_AGGRESSIVE;
				CLANG_CXX_LANGUAGE_STANDARD = "gnu++14";
				CLANG_CXX_LIBRARY = "libc++";
				CLANG_ENABLE_MODULES = YES;
				CLANG_ENABLE_OBJC_ARC = YES;
				CLANG_ENABLE_OBJC_WEAK = YES;
				CLANG_WARN_BLOCK_CAPTURE_AUTORELEASING = YES;
				CLANG_WARN_BOOL_CONVERSION = YES;
				CLANG_WARN_COMMA = YES;
				CLANG_WARN_CONSTANT_CONVERSION = YES;
				CLANG_WARN_DEPRECATED_OBJC_IMPLEMENTATIONS = YES;
				CLANG_WARN_DIRECT_OBJC_ISA_USAGE = YES_ERROR;
				CLANG_WARN_DOCUMENTATION_COMMENTS = YES;
				CLANG_WARN_EMPTY_BODY = YES;
				CLANG_WARN_ENUM_CONVERSION = YES;
				CLANG_WARN_INFINITE_RECURSION = YES;
				CLANG_WARN_INT_CONVERSION = YES;
				CLANG_WARN_NON_LITERAL_NULL_CONVERSION = YES;
				CLANG_WARN_OBJC_IMPLICIT_RETAIN_SELF = YES;
				CLANG_WARN_OBJC_LITERAL_CONVERSION = YES;
				CLANG_WARN_OBJC_ROOT_CLASS = YES_ERROR;
				CLANG_WARN_QUOTED_INCLUDE_IN_FRAMEWORK_HEADER = YES;
				CLANG_WARN_RANGE_LOOP_ANALYSIS = YES;
				CLANG_WARN_STRICT_PROTOTYPES = YES;
				CLANG_WARN_SUSPICIOUS_MOVE = YES;
				CLANG_WARN_UNGUARDED_AVAILABILITY = YES_AGGRESSIVE;
				CLANG_WARN_UNREACHABLE_CODE = YES;
				CLANG_WARN__DUPLICATE_METHOD_MATCH = YES;
				COPY_PHASE_STRIP = NO;
				DEBUG_INFORMATION_FORMAT = "dwarf-with-dsym";
				ENABLE_NS_ASSERTIONS = NO;
				ENABLE_STRICT_OBJC_MSGSEND = YES;
				GCC_C_LANGUAGE_STANDARD = gnu11;
				GCC_NO_COMMON_BLOCKS = YES;
				GCC_WARN_64_TO_32_BIT_CONVERSION = YES;
				GCC_WARN_ABOUT_RETURN_TYPE = YES_ERROR;
				GCC_WARN_UNDECLARED_SELECTOR = YES;
				GCC_WARN_UNINITIALIZED_AUTOS = YES_AGGRESSIVE;
				GCC_WARN_UNUSED_FUNCTION = YES;
				GCC_WARN_UNUSED_VARIABLE = YES;
				IPHONEOS_DEPLOYMENT_TARGET = 14.1;
				MTL_ENABLE_DEBUG_INFO = NO;
				MTL_FAST_MATH = YES;
				SDKROOT = iphoneos;
				SWIFT_COMPILATION_MODE = wholemodule;
				SWIFT_OPTIMIZATION_LEVEL = "-O";
				VALIDATE_PRODUCT = YES;
			};
			name = Release;
		};
		2EDAE7A425AD2355003550A9 /* Debug */ = {
			isa = XCBuildConfiguration;
			buildSettings = {
				ASSETCATALOG_COMPILER_APPICON_NAME = AppIcon;
				ASSETCATALOG_COMPILER_GLOBAL_ACCENT_COLOR_NAME = AccentColor;
				CODE_SIGN_STYLE = Automatic;
				DEVELOPMENT_ASSET_PATHS = "\"SwiftUITutorial/Preview Content\"";
				DEVELOPMENT_TEAM = 578PDZSTMS;
				ENABLE_PREVIEWS = YES;
				INFOPLIST_FILE = SwiftUITutorial/Info.plist;
				IPHONEOS_DEPLOYMENT_TARGET = 14.0;
				LD_RUNPATH_SEARCH_PATHS = (
					"$(inherited)",
					"@executable_path/Frameworks",
				);
				PRODUCT_BUNDLE_IDENTIFIER = com.killi8n.SwiftUITutorial;
				PRODUCT_NAME = "$(TARGET_NAME)";
				SWIFT_VERSION = 5.0;
				TARGETED_DEVICE_FAMILY = "1,2";
			};
			name = Debug;
		};
		2EDAE7A525AD2355003550A9 /* Release */ = {
			isa = XCBuildConfiguration;
			buildSettings = {
				ASSETCATALOG_COMPILER_APPICON_NAME = AppIcon;
				ASSETCATALOG_COMPILER_GLOBAL_ACCENT_COLOR_NAME = AccentColor;
				CODE_SIGN_STYLE = Automatic;
				DEVELOPMENT_ASSET_PATHS = "\"SwiftUITutorial/Preview Content\"";
				DEVELOPMENT_TEAM = 578PDZSTMS;
				ENABLE_PREVIEWS = YES;
				INFOPLIST_FILE = SwiftUITutorial/Info.plist;
				IPHONEOS_DEPLOYMENT_TARGET = 14.0;
				LD_RUNPATH_SEARCH_PATHS = (
					"$(inherited)",
					"@executable_path/Frameworks",
				);
				PRODUCT_BUNDLE_IDENTIFIER = com.killi8n.SwiftUITutorial;
				PRODUCT_NAME = "$(TARGET_NAME)";
				SWIFT_VERSION = 5.0;
				TARGETED_DEVICE_FAMILY = "1,2";
			};
			name = Release;
		};
		2EDAE7A725AD2355003550A9 /* Debug */ = {
			isa = XCBuildConfiguration;
			buildSettings = {
				ALWAYS_EMBED_SWIFT_STANDARD_LIBRARIES = YES;
				BUNDLE_LOADER = "$(TEST_HOST)";
				CODE_SIGN_STYLE = Automatic;
				DEVELOPMENT_TEAM = 578PDZSTMS;
				INFOPLIST_FILE = SwiftUITutorialTests/Info.plist;
				IPHONEOS_DEPLOYMENT_TARGET = 14.0;
				LD_RUNPATH_SEARCH_PATHS = (
					"$(inherited)",
					"@executable_path/Frameworks",
					"@loader_path/Frameworks",
				);
				PRODUCT_BUNDLE_IDENTIFIER = com.killi8n.SwiftUITutorialTests;
				PRODUCT_NAME = "$(TARGET_NAME)";
				SWIFT_VERSION = 5.0;
				TARGETED_DEVICE_FAMILY = "1,2";
				TEST_HOST = "$(BUILT_PRODUCTS_DIR)/SwiftUITutorial.app/SwiftUITutorial";
			};
			name = Debug;
		};
		2EDAE7A825AD2355003550A9 /* Release */ = {
			isa = XCBuildConfiguration;
			buildSettings = {
				ALWAYS_EMBED_SWIFT_STANDARD_LIBRARIES = YES;
				BUNDLE_LOADER = "$(TEST_HOST)";
				CODE_SIGN_STYLE = Automatic;
				DEVELOPMENT_TEAM = 578PDZSTMS;
				INFOPLIST_FILE = SwiftUITutorialTests/Info.plist;
				IPHONEOS_DEPLOYMENT_TARGET = 14.0;
				LD_RUNPATH_SEARCH_PATHS = (
					"$(inherited)",
					"@executable_path/Frameworks",
					"@loader_path/Frameworks",
				);
				PRODUCT_BUNDLE_IDENTIFIER = com.killi8n.SwiftUITutorialTests;
				PRODUCT_NAME = "$(TARGET_NAME)";
				SWIFT_VERSION = 5.0;
				TARGETED_DEVICE_FAMILY = "1,2";
				TEST_HOST = "$(BUILT_PRODUCTS_DIR)/SwiftUITutorial.app/SwiftUITutorial";
			};
			name = Release;
		};
		2EDAE7AA25AD2355003550A9 /* Debug */ = {
			isa = XCBuildConfiguration;
			buildSettings = {
				ALWAYS_EMBED_SWIFT_STANDARD_LIBRARIES = YES;
				CODE_SIGN_STYLE = Automatic;
				DEVELOPMENT_TEAM = 578PDZSTMS;
				INFOPLIST_FILE = SwiftUITutorialUITests/Info.plist;
				LD_RUNPATH_SEARCH_PATHS = (
					"$(inherited)",
					"@executable_path/Frameworks",
					"@loader_path/Frameworks",
				);
				PRODUCT_BUNDLE_IDENTIFIER = com.killi8n.SwiftUITutorialUITests;
				PRODUCT_NAME = "$(TARGET_NAME)";
				SWIFT_VERSION = 5.0;
				TARGETED_DEVICE_FAMILY = "1,2";
				TEST_TARGET_NAME = SwiftUITutorial;
			};
			name = Debug;
		};
		2EDAE7AB25AD2355003550A9 /* Release */ = {
			isa = XCBuildConfiguration;
			buildSettings = {
				ALWAYS_EMBED_SWIFT_STANDARD_LIBRARIES = YES;
				CODE_SIGN_STYLE = Automatic;
				DEVELOPMENT_TEAM = 578PDZSTMS;
				INFOPLIST_FILE = SwiftUITutorialUITests/Info.plist;
				LD_RUNPATH_SEARCH_PATHS = (
					"$(inherited)",
					"@executable_path/Frameworks",
					"@loader_path/Frameworks",
				);
				PRODUCT_BUNDLE_IDENTIFIER = com.killi8n.SwiftUITutorialUITests;
				PRODUCT_NAME = "$(TARGET_NAME)";
				SWIFT_VERSION = 5.0;
				TARGETED_DEVICE_FAMILY = "1,2";
				TEST_TARGET_NAME = SwiftUITutorial;
			};
			name = Release;
		};
/* End XCBuildConfiguration section */

/* Begin XCConfigurationList section */
		2EDAE77925AD2353003550A9 /* Build configuration list for PBXProject "SwiftUITutorial" */ = {
			isa = XCConfigurationList;
			buildConfigurations = (
				2EDAE7A125AD2355003550A9 /* Debug */,
				2EDAE7A225AD2355003550A9 /* Release */,
			);
			defaultConfigurationIsVisible = 0;
			defaultConfigurationName = Release;
		};
		2EDAE7A325AD2355003550A9 /* Build configuration list for PBXNativeTarget "SwiftUITutorial" */ = {
			isa = XCConfigurationList;
			buildConfigurations = (
				2EDAE7A425AD2355003550A9 /* Debug */,
				2EDAE7A525AD2355003550A9 /* Release */,
			);
			defaultConfigurationIsVisible = 0;
			defaultConfigurationName = Release;
		};
		2EDAE7A625AD2355003550A9 /* Build configuration list for PBXNativeTarget "SwiftUITutorialTests" */ = {
			isa = XCConfigurationList;
			buildConfigurations = (
				2EDAE7A725AD2355003550A9 /* Debug */,
				2EDAE7A825AD2355003550A9 /* Release */,
			);
			defaultConfigurationIsVisible = 0;
			defaultConfigurationName = Release;
		};
		2EDAE7A925AD2355003550A9 /* Build configuration list for PBXNativeTarget "SwiftUITutorialUITests" */ = {
			isa = XCConfigurationList;
			buildConfigurations = (
				2EDAE7AA25AD2355003550A9 /* Debug */,
				2EDAE7AB25AD2355003550A9 /* Release */,
			);
			defaultConfigurationIsVisible = 0;
			defaultConfigurationName = Release;
		};
/* End XCConfigurationList section */
	};
	rootObject = 2EDAE77625AD2353003550A9 /* Project object */;
}
